
Microsoft Visual Studio Solution File, Format Version 12.00
# Visual Studio Version 17
VisualStudioVersion = 17.4.33110.190
MinimumVisualStudioVersion = 10.0.40219.1
Project("{FAE04EC0-301F-11D3-BF4B-00C04F79EFBC}") = "RFID_UID_CHANGER", "RFID_UID_CHANGER\RFID_UID_CHANGER.csproj", "{8AFB4734-5707-40CC-AD82-2252C9B2A640}"
EndProject
Global
	GlobalSection(SolutionConfigurationPlatforms) = preSolution
		Debug|Any CPU = Debug|Any CPU
		Release|Any CPU = Release|Any CPU
	EndGlobalSection
	GlobalSection(ProjectConfigurationPlatforms) = postSolution
		{8AFB4734-5707-40CC-AD82-2252C9B2A640}.Debug|Any CPU.ActiveCfg = Debug|Any CPU
		{8AFB4734-5707-40CC-AD82-2252C9B2A640}.Debug|Any CPU.Build.0 = Debug|Any CPU
		{8AFB4734-5707-40CC-AD82-2252C9B2A640}.Release|Any CPU.ActiveCfg = Release|Any CPU
		{8AFB4734-5707-40CC-AD82-2252C9B2A640}.Release|Any CPU.Build.0 = Release|Any CPU
	EndGlobalSection
	GlobalSection(SolutionProperties) = preSolution
		HideSolutionNode = FALSE
	EndGlobalSection
	GlobalSection(ExtensibilityGlobals) = postSolution
		SolutionGuid = {87B4F29E-976E-4085-9405-EF5BDAF8E9BB}
	EndGlobalSection
EndGlobal
